// !$*UTF8*$!
{
	archiveVersion = 1;
	classes = {
	};
	objectVersion = 46;
	objects = {

/* Begin PBXBuildFile section */
		7DB757C81BFA6EEF0054D5C0 /* AppDelegate.swift in Sources */ = {isa = PBXBuildFile; fileRef = 7DB757C71BFA6EEF0054D5C0 /* AppDelegate.swift */; };
		7DB757CA1BFA6EEF0054D5C0 /* GameScene.sks in Resources */ = {isa = PBXBuildFile; fileRef = 7DB757C91BFA6EEF0054D5C0 /* GameScene.sks */; };
		7DB757CC1BFA6EEF0054D5C0 /* GameScene.swift in Sources */ = {isa = PBXBuildFile; fileRef = 7DB757CB1BFA6EEF0054D5C0 /* GameScene.swift */; };
		7DB757CE1BFA6EEF0054D5C0 /* GameViewController.swift in Sources */ = {isa = PBXBuildFile; fileRef = 7DB757CD1BFA6EEF0054D5C0 /* GameViewController.swift */; };
		7DB757D11BFA6EEF0054D5C0 /* Main.storyboard in Resources */ = {isa = PBXBuildFile; fileRef = 7DB757CF1BFA6EEF0054D5C0 /* Main.storyboard */; };
		7DB757D31BFA6EEF0054D5C0 /* Assets.xcassets in Resources */ = {isa = PBXBuildFile; fileRef = 7DB757D21BFA6EEF0054D5C0 /* Assets.xcassets */; };
		7DB757D61BFA6EEF0054D5C0 /* LaunchScreen.storyboard in Resources */ = {isa = PBXBuildFile; fileRef = 7DB757D41BFA6EEF0054D5C0 /* LaunchScreen.storyboard */; };
		7DB757E11BFA6EEF0054D5C0 /* CannonTests.swift in Sources */ = {isa = PBXBuildFile; fileRef = 7DB757E01BFA6EEF0054D5C0 /* CannonTests.swift */; };
		7DB757EC1BFA6EEF0054D5C0 /* CannonUITests.swift in Sources */ = {isa = PBXBuildFile; fileRef = 7DB757EB1BFA6EEF0054D5C0 /* CannonUITests.swift */; };
		7DB757FD1BFA704D0054D5C0 /* blocker_hit.wav in Resources */ = {isa = PBXBuildFile; fileRef = 7DB757FA1BFA704D0054D5C0 /* blocker_hit.wav */; };
		7DB757FE1BFA704D0054D5C0 /* cannon_fire.wav in Resources */ = {isa = PBXBuildFile; fileRef = 7DB757FB1BFA704D0054D5C0 /* cannon_fire.wav */; };
		7DB757FF1BFA704D0054D5C0 /* target_hit.wav in Resources */ = {isa = PBXBuildFile; fileRef = 7DB757FC1BFA704D0054D5C0 /* target_hit.wav */; };
		7DB758011BFA712B0054D5C0 /* Blocker.swift in Sources */ = {isa = PBXBuildFile; fileRef = 7DB758001BFA712B0054D5C0 /* Blocker.swift */; };
		7DB758031BFA71920054D5C0 /* Target.swift in Sources */ = {isa = PBXBuildFile; fileRef = 7DB758021BFA71920054D5C0 /* Target.swift */; };
		7DB758051BFA71CE0054D5C0 /* Cannon.swift in Sources */ = {isa = PBXBuildFile; fileRef = 7DB758041BFA71CE0054D5C0 /* Cannon.swift */; };
		7DB758071BFA72100054D5C0 /* GameOverScene.swift in Sources */ = {isa = PBXBuildFile; fileRef = 7DB758061BFA72100054D5C0 /* GameOverScene.swift */; };
/* End PBXBuildFile section */

/* Begin PBXContainerItemProxy section */
		7DB757DD1BFA6EEF0054D5C0 /* PBXContainerItemProxy */ = {
			isa = PBXContainerItemProxy;
			containerPortal = 7DB757BC1BFA6EEF0054D5C0 /* Project object */;
			proxyType = 1;
			remoteGlobalIDString = 7DB757C31BFA6EEF0054D5C0;
			remoteInfo = Cannon;
		};
		7DB757E81BFA6EEF0054D5C0 /* PBXContainerItemProxy */ = {
			isa = PBXContainerItemProxy;
			containerPortal = 7DB757BC1BFA6EEF0054D5C0 /* Project object */;
			proxyType = 1;
			remoteGlobalIDString = 7DB757C31BFA6EEF0054D5C0;
			remoteInfo = Cannon;
		};
/* End PBXContainerItemProxy section */

/* Begin PBXFileReference section */
		7DB757C41BFA6EEF0054D5C0 /* Cannon.app */ = {isa = PBXFileReference; explicitFileType = wrapper.application; includeInIndex = 0; path = Cannon.app; sourceTree = BUILT_PRODUCTS_DIR; };
		7DB757C71BFA6EEF0054D5C0 /* AppDelegate.swift */ = {isa = PBXFileReference; lastKnownFileType = sourcecode.swift; path = AppDelegate.swift; sourceTree = "<group>"; };
		7DB757C91BFA6EEF0054D5C0 /* GameScene.sks */ = {isa = PBXFileReference; lastKnownFileType = file.sks; path = GameScene.sks; sourceTree = "<group>"; };
		7DB757CB1BFA6EEF0054D5C0 /* GameScene.swift */ = {isa = PBXFileReference; lastKnownFileType = sourcecode.swift; path = GameScene.swift; sourceTree = "<group>"; };
		7DB757CD1BFA6EEF0054D5C0 /* GameViewController.swift */ = {isa = PBXFileReference; lastKnownFileType = sourcecode.swift; path = GameViewController.swift; sourceTree = "<group>"; };
		7DB757D01BFA6EEF0054D5C0 /* Base */ = {isa = PBXFileReference; lastKnownFileType = file.storyboard; name = Base; path = Base.lproj/Main.storyboard; sourceTree = "<group>"; };
		7DB757D21BFA6EEF0054D5C0 /* Assets.xcassets */ = {isa = PBXFileReference; lastKnownFileType = folder.assetcatalog; path = Assets.xcassets; sourceTree = "<group>"; };
		7DB757D51BFA6EEF0054D5C0 /* Base */ = {isa = PBXFileReference; lastKnownFileType = file.storyboard; name = Base; path = Base.lproj/LaunchScreen.storyboard; sourceTree = "<group>"; };
		7DB757D71BFA6EEF0054D5C0 /* Info.plist */ = {isa = PBXFileReference; lastKnownFileType = text.plist.xml; path = Info.plist; sourceTree = "<group>"; };
		7DB757DC1BFA6EEF0054D5C0 /* CannonTests.xctest */ = {isa = PBXFileReference; explicitFileType = wrapper.cfbundle; includeInIndex = 0; path = CannonTests.xctest; sourceTree = BUILT_PRODUCTS_DIR; };
		7DB757E01BFA6EEF0054D5C0 /* CannonTests.swift */ = {isa = PBXFileReference; lastKnownFileType = sourcecode.swift; path = CannonTests.swift; sourceTree = "<group>"; };
		7DB757E21BFA6EEF0054D5C0 /* Info.plist */ = {isa = PBXFileReference; lastKnownFileType = text.plist.xml; path = Info.plist; sourceTree = "<group>"; };
		7DB757E71BFA6EEF0054D5C0 /* CannonUITests.xctest */ = {isa = PBXFileReference; explicitFileType = wrapper.cfbundle; includeInIndex = 0; path = CannonUITests.xctest; sourceTree = BUILT_PRODUCTS_DIR; };
		7DB757EB1BFA6EEF0054D5C0 /* CannonUITests.swift */ = {isa = PBXFileReference; lastKnownFileType = sourcecode.swift; path = CannonUITests.swift; sourceTree = "<group>"; };
		7DB757ED1BFA6EEF0054D5C0 /* Info.plist */ = {isa = PBXFileReference; lastKnownFileType = text.plist.xml; path = Info.plist; sourceTree = "<group>"; };
		7DB757FA1BFA704D0054D5C0 /* blocker_hit.wav */ = {isa = PBXFileReference; lastKnownFileType = audio.wav; path = blocker_hit.wav; sourceTree = "<group>"; };
		7DB757FB1BFA704D0054D5C0 /* cannon_fire.wav */ = {isa = PBXFileReference; lastKnownFileType = audio.wav; path = cannon_fire.wav; sourceTree = "<group>"; };
		7DB757FC1BFA704D0054D5C0 /* target_hit.wav */ = {isa = PBXFileReference; lastKnownFileType = audio.wav; path = target_hit.wav; sourceTree = "<group>"; };
		7DB758001BFA712B0054D5C0 /* Blocker.swift */ = {isa = PBXFileReference; fileEncoding = 4; lastKnownFileType = sourcecode.swift; path = Blocker.swift; sourceTree = "<group>"; };
		7DB758021BFA71920054D5C0 /* Target.swift */ = {isa = PBXFileReference; fileEncoding = 4; lastKnownFileType = sourcecode.swift; path = Target.swift; sourceTree = "<group>"; };
		7DB758041BFA71CE0054D5C0 /* Cannon.swift */ = {isa = PBXFileReference; fileEncoding = 4; lastKnownFileType = sourcecode.swift; path = Cannon.swift; sourceTree = "<group>"; };
		7DB758061BFA72100054D5C0 /* GameOverScene.swift */ = {isa = PBXFileReference; fileEncoding = 4; lastKnownFileType = sourcecode.swift; path = GameOverScene.swift; sourceTree = "<group>"; };
/* End PBXFileReference section */

/* Begin PBXFrameworksBuildPhase section */
		7DB757C11BFA6EEF0054D5C0 /* Frameworks */ = {
			isa = PBXFrameworksBuildPhase;
			buildActionMask = 2147483647;
			files = (
			);
			runOnlyForDeploymentPostprocessing = 0;
		};
		7DB757D91BFA6EEF0054D5C0 /* Frameworks */ = {
			isa = PBXFrameworksBuildPhase;
			buildActionMask = 2147483647;
			files = (
			);
			runOnlyForDeploymentPostprocessing = 0;
		};
		7DB757E41BFA6EEF0054D5C0 /* Frameworks */ = {
			isa = PBXFrameworksBuildPhase;
			buildActionMask = 2147483647;
			files = (
			);
			runOnlyForDeploymentPostprocessing = 0;
		};
/* End PBXFrameworksBuildPhase section */

/* Begin PBXGroup section */
		7DB757BB1BFA6EEF0054D5C0 = {
			isa = PBXGroup;
			children = (
				7DB757C61BFA6EEF0054D5C0 /* Cannon */,
				7DB757DF1BFA6EEF0054D5C0 /* CannonTests */,
				7DB757EA1BFA6EEF0054D5C0 /* CannonUITests */,
				7DB757C51BFA6EEF0054D5C0 /* Products */,
			);
			sourceTree = "<group>";
		};
		7DB757C51BFA6EEF0054D5C0 /* Products */ = {
			isa = PBXGroup;
			children = (
				7DB757C41BFA6EEF0054D5C0 /* Cannon.app */,
				7DB757DC1BFA6EEF0054D5C0 /* CannonTests.xctest */,
				7DB757E71BFA6EEF0054D5C0 /* CannonUITests.xctest */,
			);
			name = Products;
			sourceTree = "<group>";
		};
		7DB757C61BFA6EEF0054D5C0 /* Cannon */ = {
			isa = PBXGroup;
			children = (
				7DB757F91BFA70270054D5C0 /* sounds */,
				7DB757C71BFA6EEF0054D5C0 /* AppDelegate.swift */,
				7DB757C91BFA6EEF0054D5C0 /* GameScene.sks */,
				7DB757CB1BFA6EEF0054D5C0 /* GameScene.swift */,
				7DB757CD1BFA6EEF0054D5C0 /* GameViewController.swift */,
				7DB757CF1BFA6EEF0054D5C0 /* Main.storyboard */,
				7DB757D21BFA6EEF0054D5C0 /* Assets.xcassets */,
				7DB757D41BFA6EEF0054D5C0 /* LaunchScreen.storyboard */,
				7DB757D71BFA6EEF0054D5C0 /* Info.plist */,
				7DB758001BFA712B0054D5C0 /* Blocker.swift */,
				7DB758021BFA71920054D5C0 /* Target.swift */,
				7DB758041BFA71CE0054D5C0 /* Cannon.swift */,
				7DB758061BFA72100054D5C0 /* GameOverScene.swift */,
			);
			path = Cannon;
			sourceTree = "<group>";
		};
		7DB757DF1BFA6EEF0054D5C0 /* CannonTests */ = {
			isa = PBXGroup;
			children = (
				7DB757E01BFA6EEF0054D5C0 /* CannonTests.swift */,
				7DB757E21BFA6EEF0054D5C0 /* Info.plist */,
			);
			path = CannonTests;
			sourceTree = "<group>";
		};
		7DB757EA1BFA6EEF0054D5C0 /* CannonUITests */ = {
			isa = PBXGroup;
			children = (
				7DB757EB1BFA6EEF0054D5C0 /* CannonUITests.swift */,
				7DB757ED1BFA6EEF0054D5C0 /* Info.plist */,
			);
			path = CannonUITests;
			sourceTree = "<group>";
		};
		7DB757F91BFA70270054D5C0 /* sounds */ = {
			isa = PBXGroup;
			children = (
				7DB757FA1BFA704D0054D5C0 /* blocker_hit.wav */,
				7DB757FB1BFA704D0054D5C0 /* cannon_fire.wav */,
				7DB757FC1BFA704D0054D5C0 /* target_hit.wav */,
			);
			name = sounds;
			sourceTree = "<group>";
		};
/* End PBXGroup section */

/* Begin PBXNativeTarget section */
		7DB757C31BFA6EEF0054D5C0 /* Cannon */ = {
			isa = PBXNativeTarget;
			buildConfigurationList = 7DB757F01BFA6EEF0054D5C0 /* Build configuration list for PBXNativeTarget "Cannon" */;
			buildPhases = (
				7DB757C01BFA6EEF0054D5C0 /* Sources */,
				7DB757C11BFA6EEF0054D5C0 /* Frameworks */,
				7DB757C21BFA6EEF0054D5C0 /* Resources */,
			);
			buildRules = (
			);
			dependencies = (
			);
			name = Cannon;
			productName = Cannon;
			productReference = 7DB757C41BFA6EEF0054D5C0 /* Cannon.app */;
			productType = "com.apple.product-type.application";
		};
		7DB757DB1BFA6EEF0054D5C0 /* CannonTests */ = {
			isa = PBXNativeTarget;
			buildConfigurationList = 7DB757F31BFA6EEF0054D5C0 /* Build configuration list for PBXNativeTarget "CannonTests" */;
			buildPhases = (
				7DB757D81BFA6EEF0054D5C0 /* Sources */,
				7DB757D91BFA6EEF0054D5C0 /* Frameworks */,
				7DB757DA1BFA6EEF0054D5C0 /* Resources */,
			);
			buildRules = (
			);
			dependencies = (
				7DB757DE1BFA6EEF0054D5C0 /* PBXTargetDependency */,
			);
			name = CannonTests;
			productName = CannonTests;
			productReference = 7DB757DC1BFA6EEF0054D5C0 /* CannonTests.xctest */;
			productType = "com.apple.product-type.bundle.unit-test";
		};
		7DB757E61BFA6EEF0054D5C0 /* CannonUITests */ = {
			isa = PBXNativeTarget;
			buildConfigurationList = 7DB757F61BFA6EEF0054D5C0 /* Build configuration list for PBXNativeTarget "CannonUITests" */;
			buildPhases = (
				7DB757E31BFA6EEF0054D5C0 /* Sources */,
				7DB757E41BFA6EEF0054D5C0 /* Frameworks */,
				7DB757E51BFA6EEF0054D5C0 /* Resources */,
			);
			buildRules = (
			);
			dependencies = (
				7DB757E91BFA6EEF0054D5C0 /* PBXTargetDependency */,
			);
			name = CannonUITests;
			productName = CannonUITests;
			productReference = 7DB757E71BFA6EEF0054D5C0 /* CannonUITests.xctest */;
			productType = "com.apple.product-type.bundle.ui-testing";
		};
/* End PBXNativeTarget section */

/* Begin PBXProject section */
		7DB757BC1BFA6EEF0054D5C0 /* Project object */ = {
			isa = PBXProject;
			attributes = {
				LastSwiftUpdateCheck = 0710;
				LastUpgradeCheck = 0710;
				ORGANIZATIONNAME = "David Hincapie";
				TargetAttributes = {
					7DB757C31BFA6EEF0054D5C0 = {
						CreatedOnToolsVersion = 7.1.1;
						DevelopmentTeam = 42C7GH6L8N;
					};
					7DB757DB1BFA6EEF0054D5C0 = {
						CreatedOnToolsVersion = 7.1.1;
						DevelopmentTeam = 42C7GH6L8N;
						TestTargetID = 7DB757C31BFA6EEF0054D5C0;
					};
					7DB757E61BFA6EEF0054D5C0 = {
						CreatedOnToolsVersion = 7.1.1;
						DevelopmentTeam = 42C7GH6L8N;
						TestTargetID = 7DB757C31BFA6EEF0054D5C0;
					};
				};
			};
			buildConfigurationList = 7DB757BF1BFA6EEF0054D5C0 /* Build configuration list for PBXProject "Cannon" */;
			compatibilityVersion = "Xcode 3.2";
			developmentRegion = English;
			hasScannedForEncodings = 0;
			knownRegions = (
				en,
				Base,
			);
			mainGroup = 7DB757BB1BFA6EEF0054D5C0;
			productRefGroup = 7DB757C51BFA6EEF0054D5C0 /* Products */;
			projectDirPath = "";
			projectRoot = "";
			targets = (
				7DB757C31BFA6EEF0054D5C0 /* Cannon */,
				7DB757DB1BFA6EEF0054D5C0 /* CannonTests */,
				7DB757E61BFA6EEF0054D5C0 /* CannonUITests */,
			);
		};
/* End PBXProject section */

/* Begin PBXResourcesBuildPhase section */
		7DB757C21BFA6EEF0054D5C0 /* Resources */ = {
			isa = PBXResourcesBuildPhase;
			buildActionMask = 2147483647;
			files = (
				7DB757FF1BFA704D0054D5C0 /* target_hit.wav in Resources */,
				7DB757CA1BFA6EEF0054D5C0 /* GameScene.sks in Resources */,
				7DB757FE1BFA704D0054D5C0 /* cannon_fire.wav in Resources */,
				7DB757D61BFA6EEF0054D5C0 /* LaunchScreen.storyboard in Resources */,
				7DB757D31BFA6EEF0054D5C0 /* Assets.xcassets in Resources */,
				7DB757FD1BFA704D0054D5C0 /* blocker_hit.wav in Resources */,
				7DB757D11BFA6EEF0054D5C0 /* Main.storyboard in Resources */,
			);
			runOnlyForDeploymentPostprocessing = 0;
		};
		7DB757DA1BFA6EEF0054D5C0 /* Resources */ = {
			isa = PBXResourcesBuildPhase;
			buildActionMask = 2147483647;
			files = (
			);
			runOnlyForDeploymentPostprocessing = 0;
		};
		7DB757E51BFA6EEF0054D5C0 /* Resources */ = {
			isa = PBXResourcesBuildPhase;
			buildActionMask = 2147483647;
			files = (
			);
			runOnlyForDeploymentPostprocessing = 0;
		};
/* End PBXResourcesBuildPhase section */

/* Begin PBXSourcesBuildPhase section */
		7DB757C01BFA6EEF0054D5C0 /* Sources */ = {
			isa = PBXSourcesBuildPhase;
			buildActionMask = 2147483647;
			files = (
				7DB757CC1BFA6EEF0054D5C0 /* GameScene.swift in Sources */,
				7DB757CE1BFA6EEF0054D5C0 /* GameViewController.swift in Sources */,
				7DB758071BFA72100054D5C0 /* GameOverScene.swift in Sources */,
				7DB758011BFA712B0054D5C0 /* Blocker.swift in Sources */,
				7DB757C81BFA6EEF0054D5C0 /* AppDelegate.swift in Sources */,
				7DB758051BFA71CE0054D5C0 /* Cannon.swift in Sources */,
				7DB758031BFA71920054D5C0 /* Target.swift in Sources */,
			);
			runOnlyForDeploymentPostprocessing = 0;
		};
		7DB757D81BFA6EEF0054D5C0 /* Sources */ = {
			isa = PBXSourcesBuildPhase;
			buildActionMask = 2147483647;
			files = (
				7DB757E11BFA6EEF0054D5C0 /* CannonTests.swift in Sources */,
			);
			runOnlyForDeploymentPostprocessing = 0;
		};
		7DB757E31BFA6EEF0054D5C0 /* Sources */ = {
			isa = PBXSourcesBuildPhase;
			buildActionMask = 2147483647;
			files = (
				7DB757EC1BFA6EEF0054D5C0 /* CannonUITests.swift in Sources */,
			);
			runOnlyForDeploymentPostprocessing = 0;
		};
/* End PBXSourcesBuildPhase section */

/* Begin PBXTargetDependency section */
		7DB757DE1BFA6EEF0054D5C0 /* PBXTargetDependency */ = {
			isa = PBXTargetDependency;
			target = 7DB757C31BFA6EEF0054D5C0 /* Cannon */;
			targetProxy = 7DB757DD1BFA6EEF0054D5C0 /* PBXContainerItemProxy */;
		};
		7DB757E91BFA6EEF0054D5C0 /* PBXTargetDependency */ = {
			isa = PBXTargetDependency;
			target = 7DB757C31BFA6EEF0054D5C0 /* Cannon */;
			targetProxy = 7DB757E81BFA6EEF0054D5C0 /* PBXContainerItemProxy */;
		};
/* End PBXTargetDependency section */

/* Begin PBXVariantGroup section */
		7DB757CF1BFA6EEF0054D5C0 /* Main.storyboard */ = {
			isa = PBXVariantGroup;
			children = (
				7DB757D01BFA6EEF0054D5C0 /* Base */,
			);
			name = Main.storyboard;
			sourceTree = "<group>";
		};
		7DB757D41BFA6EEF0054D5C0 /* LaunchScreen.storyboard */ = {
			isa = PBXVariantGroup;
			children = (
				7DB757D51BFA6EEF0054D5C0 /* Base */,
			);
			name = LaunchScreen.storyboard;
			sourceTree = "<group>";
		};
/* End PBXVariantGroup section */

/* Begin XCBuildConfiguration section */
		7DB757EE1BFA6EEF0054D5C0 /* Debug */ = {
			isa = XCBuildConfiguration;
			buildSettings = {
				ALWAYS_SEARCH_USER_PATHS = NO;
				CLANG_CXX_LANGUAGE_STANDARD = "gnu++0x";
				CLANG_CXX_LIBRARY = "libc++";
				CLANG_ENABLE_MODULES = YES;
				CLANG_ENABLE_OBJC_ARC = YES;
				CLANG_WARN_BOOL_CONVERSION = YES;
				CLANG_WARN_CONSTANT_CONVERSION = YES;
				CLANG_WARN_DIRECT_OBJC_ISA_USAGE = YES_ERROR;
				CLANG_WARN_EMPTY_BODY = YES;
				CLANG_WARN_ENUM_CONVERSION = YES;
				CLANG_WARN_INT_CONVERSION = YES;
				CLANG_WARN_OBJC_ROOT_CLASS = YES_ERROR;
				CLANG_WARN_UNREACHABLE_CODE = YES;
				CLANG_WARN__DUPLICATE_METHOD_MATCH = YES;
				"CODE_SIGN_IDENTITY[sdk=iphoneos*]" = "iPhone Developer";
				COPY_PHASE_STRIP = NO;
				DEBUG_INFORMATION_FORMAT = "dwarf-with-dsym";
				ENABLE_STRICT_OBJC_MSGSEND = YES;
				ENABLE_TESTABILITY = YES;
				GCC_C_LANGUAGE_STANDARD = gnu99;
				GCC_DYNAMIC_NO_PIC = NO;
				GCC_NO_COMMON_BLOCKS = YES;
				GCC_OPTIMIZATION_LEVEL = 0;
				GCC_PREPROCESSOR_DEFINITIONS = (
					"DEBUG=1",
					"$(inherited)",
				);
				GCC_WARN_64_TO_32_BIT_CONVERSION = YES;
				GCC_WARN_ABOUT_RETURN_TYPE = YES_ERROR;
				GCC_WARN_UNDECLARED_SELECTOR = YES;
				GCC_WARN_UNINITIALIZED_AUTOS = YES_AGGRESSIVE;
				GCC_WARN_UNUSED_FUNCTION = YES;
				GCC_WARN_UNUSED_VARIABLE = YES;
				IPHONEOS_DEPLOYMENT_TARGET = 9.1;
				MTL_ENABLE_DEBUG_INFO = YES;
				ONLY_ACTIVE_ARCH = YES;
				SDKROOT = iphoneos;
				SWIFT_OPTIMIZATION_LEVEL = "-Onone";
				TARGETED_DEVICE_FAMILY = "1,2";
			};
			name = Debug;
		};
		7DB757EF1BFA6EEF0054D5C0 /* Release */ = {
			isa = XCBuildConfiguration;
			buildSettings = {
				ALWAYS_SEARCH_USER_PATHS = NO;
				CLANG_CXX_LANGUAGE_STANDARD = "gnu++0x";
				CLANG_CXX_LIBRARY = "libc++";
				CLANG_ENABLE_MODULES = YES;
				CLANG_ENABLE_OBJC_ARC = YES;
				CLANG_WARN_BOOL_CONVERSION = YES;
				CLANG_WARN_CONSTANT_CONVERSION = YES;
				CLANG_WARN_DIRECT_OBJC_ISA_USAGE = YES_ERROR;
				CLANG_WARN_EMPTY_BODY = YES;
				CLANG_WARN_ENUM_CONVERSION = YES;
				CLANG_WARN_INT_CONVERSION = YES;
				CLANG_WARN_OBJC_ROOT_CLASS = YES_ERROR;
				CLANG_WARN_UNREACHABLE_CODE = YES;
				CLANG_WARN__DUPLICATE_METHOD_MATCH = YES;
				"CODE_SIGN_IDENTITY[sdk=iphoneos*]" = "iPhone Developer";
				COPY_PHASE_STRIP = NO;
				DEBUG_INFORMATION_FORMAT = "dwarf-with-dsym";
				ENABLE_NS_ASSERTIONS = NO;
				ENABLE_STRICT_OBJC_MSGSEND = YES;
				GCC_C_LANGUAGE_STANDARD = gnu99;
				GCC_NO_COMMON_BLOCKS = YES;
				GCC_WARN_64_TO_32_BIT_CONVERSION = YES;
				GCC_WARN_ABOUT_RETURN_TYPE = YES_ERROR;
				GCC_WARN_UNDECLARED_SELECTOR = YES;
				GCC_WARN_UNINITIALIZED_AUTOS = YES_AGGRESSIVE;
				GCC_WARN_UNUSED_FUNCTION = YES;
				GCC_WARN_UNUSED_VARIABLE = YES;
				IPHONEOS_DEPLOYMENT_TARGET = 9.1;
				MTL_ENABLE_DEBUG_INFO = NO;
				SDKROOT = iphoneos;
				TARGETED_DEVICE_FAMILY = "1,2";
				VALIDATE_PRODUCT = YES;
			};
			name = Release;
		};
		7DB757F11BFA6EEF0054D5C0 /* Debug */ = {
			isa = XCBuildConfiguration;
			buildSettings = {
				ASSETCATALOG_COMPILER_APPICON_NAME = AppIcon;
				INFOPLIST_FILE = Cannon/Info.plist;
				LD_RUNPATH_SEARCH_PATHS = "$(inherited) @executable_path/Frameworks";
				PRODUCT_BUNDLE_IDENTIFIER = com.davidahincapie.Cannon;
				PRODUCT_NAME = "$(TARGET_NAME)";
			};
			name = Debug;
		};
		7DB757F21BFA6EEF0054D5C0 /* Release */ = {
			isa = XCBuildConfiguration;
			buildSettings = {
				ASSETCATALOG_COMPILER_APPICON_NAME = AppIcon;
				INFOPLIST_FILE = Cannon/Info.plist;
				LD_RUNPATH_SEARCH_PATHS = "$(inherited) @executable_path/Frameworks";
				PRODUCT_BUNDLE_IDENTIFIER = com.davidahincapie.Cannon;
				PRODUCT_NAME = "$(TARGET_NAME)";
			};
			name = Release;
		};
		7DB757F41BFA6EEF0054D5C0 /* Debug */ = {
			isa = XCBuildConfiguration;
			buildSettings = {
				BUNDLE_LOADER = "$(TEST_HOST)";
				DEBUG_INFORMATION_FORMAT = dwarf;
				INFOPLIST_FILE = CannonTests/Info.plist;
				LD_RUNPATH_SEARCH_PATHS = "$(inherited) @executable_path/Frameworks @loader_path/Frameworks";
				PRODUCT_BUNDLE_IDENTIFIER = com.davidahincapie.CannonTests;
				PRODUCT_NAME = "$(TARGET_NAME)";
				TEST_HOST = "$(BUILT_PRODUCTS_DIR)/Cannon.app/Cannon";
			};
			name = Debug;
		};
		7DB757F51BFA6EEF0054D5C0 /* Release */ = {
			isa = XCBuildConfiguration;
			buildSettings = {
				BUNDLE_LOADER = "$(TEST_HOST)";
				INFOPLIST_FILE = CannonTests/Info.plist;
				LD_RUNPATH_SEARCH_PATHS = "$(inherited) @executable_path/Frameworks @loader_path/Frameworks";
				PRODUCT_BUNDLE_IDENTIFIER = com.davidahincapie.CannonTests;
				PRODUCT_NAME = "$(TARGET_NAME)";
				TEST_HOST = "$(BUILT_PRODUCTS_DIR)/Cannon.app/Cannon";
			};
			name = Release;
		};
		7DB757F71BFA6EEF0054D5C0 /* Debug */ = {
			isa = XCBuildConfiguration;
			buildSettings = {
				DEBUG_INFORMATION_FORMAT = dwarf;
				INFOPLIST_FILE = CannonUITests/Info.plist;
				LD_RUNPATH_SEARCH_PATHS = "$(inherited) @executable_path/Frameworks @loader_path/Frameworks";
				PRODUCT_BUNDLE_IDENTIFIER = com.davidahincapie.CannonUITests;
				PRODUCT_NAME = "$(TARGET_NAME)";
				TEST_TARGET_NAME = Cannon;
				USES_XCTRUNNER = YES;
			};
			name = Debug;
		};
		7DB757F81BFA6EEF0054D5C0 /* Release */ = {
			isa = XCBuildConfiguration;
			buildSettings = {
				INFOPLIST_FILE = CannonUITests/Info.plist;
				LD_RUNPATH_SEARCH_PATHS = "$(inherited) @executable_path/Frameworks @loader_path/Frameworks";
				PRODUCT_BUNDLE_IDENTIFIER = com.davidahincapie.CannonUITests;
				PRODUCT_NAME = "$(TARGET_NAME)";
				TEST_TARGET_NAME = Cannon;
				USES_XCTRUNNER = YES;
			};
			name = Release;
		};
/* End XCBuildConfiguration section */

/* Begin XCConfigurationList section */
		7DB757BF1BFA6EEF0054D5C0 /* Build configuration list for PBXProject "Cannon" */ = {
			isa = XCConfigurationList;
			buildConfigurations = (
				7DB757EE1BFA6EEF0054D5C0 /* Debug */,
				7DB757EF1BFA6EEF0054D5C0 /* Release */,
			);
			defaultConfigurationIsVisible = 0;
			defaultConfigurationName = Release;
		};
		7DB757F01BFA6EEF0054D5C0 /* Build configuration list for PBXNativeTarget "Cannon" */ = {
			isa = XCConfigurationList;
			buildConfigurations = (
				7DB757F11BFA6EEF0054D5C0 /* Debug */,
				7DB757F21BFA6EEF0054D5C0 /* Release */,
			);
			defaultConfigurationIsVisible = 0;
		};
		7DB757F31BFA6EEF0054D5C0 /* Build configuration list for PBXNativeTarget "CannonTests" */ = {
			isa = XCConfigurationList;
			buildConfigurations = (
				7DB757F41BFA6EEF0054D5C0 /* Debug */,
				7DB757F51BFA6EEF0054D5C0 /* Release */,
			);
			defaultConfigurationIsVisible = 0;
		};
		7DB757F61BFA6EEF0054D5C0 /* Build configuration list for PBXNativeTarget "CannonUITests" */ = {
			isa = XCConfigurationList;
			buildConfigurations = (
				7DB757F71BFA6EEF0054D5C0 /* Debug */,
				7DB757F81BFA6EEF0054D5C0 /* Release */,
			);
			defaultConfigurationIsVisible = 0;
		};
/* End XCConfigurationList section */
	};
	rootObject = 7DB757BC1BFA6EEF0054D5C0 /* Project object */;
}
